
Microsoft Visual Studio Solution File, Format Version 12.00
# Visual Studio 15
VisualStudioVersion = 15.0.28307.271
MinimumVisualStudioVersion = 10.0.40219.1
Project("{FAE04EC0-301F-11D3-BF4B-00C04F79EFBC}") = "DSUser.Api", "src\DSUser.Api\DSUser.Api.csproj", "{551D3237-E823-4657-8EFD-D8EBA7397940}"
EndProject
Global
	GlobalSection(SolutionConfigurationPlatforms) = preSolution
		Debug|Any CPU = Debug|Any CPU
		Release|Any CPU = Release|Any CPU
	EndGlobalSection
	GlobalSection(ProjectConfigurationPlatforms) = postSolution
		{551D3237-E823-4657-8EFD-D8EBA7397940}.Debug|Any CPU.ActiveCfg = Debug|Any CPU
		{551D3237-E823-4657-8EFD-D8EBA7397940}.Debug|Any CPU.Build.0 = Debug|Any CPU
		{551D3237-E823-4657-8EFD-D8EBA7397940}.Release|Any CPU.ActiveCfg = Release|Any CPU
		{551D3237-E823-4657-8EFD-D8EBA7397940}.Release|Any CPU.Build.0 = Release|Any CPU
	EndGlobalSection
	GlobalSection(SolutionProperties) = preSolution
		HideSolutionNode = FALSE
	EndGlobalSection
	GlobalSection(ExtensibilityGlobals) = postSolution
		SolutionGuid = {846A4FE8-41F1-402B-A786-893E0D428747}
	EndGlobalSection
EndGlobal
